// !$*UTF8*$!
{
	archiveVersion = 1;
	classes = {
	};
	objectVersion = 46;
	objects = {

/* Begin PBXBuildFile section */
		1D3323F61A15960D00B97EB0 /* AppDelegate.swift in Sources */ = {isa = PBXBuildFile; fileRef = 1D3323F51A15960D00B97EB0 /* AppDelegate.swift */; };
		1D3323FB1A15960D00B97EB0 /* Main.storyboard in Resources */ = {isa = PBXBuildFile; fileRef = 1D3323F91A15960D00B97EB0 /* Main.storyboard */; };
		1D3323FD1A15960D00B97EB0 /* Images.xcassets in Resources */ = {isa = PBXBuildFile; fileRef = 1D3323FC1A15960D00B97EB0 /* Images.xcassets */; };
		1D3324001A15960D00B97EB0 /* LaunchScreen.xib in Resources */ = {isa = PBXBuildFile; fileRef = 1D3323FE1A15960D00B97EB0 /* LaunchScreen.xib */; };
		1D33240C1A15960E00B97EB0 /* MyBUTests.swift in Sources */ = {isa = PBXBuildFile; fileRef = 1D33240B1A15960E00B97EB0 /* MyBUTests.swift */; };
		1DA2163F1A1EAA9F007F9CAD /* QuartzCore.framework in Frameworks */ = {isa = PBXBuildFile; fileRef = 1DA2163E1A1EAA9F007F9CAD /* QuartzCore.framework */; };
		1DA216441A1EAB03007F9CAD /* libc++.dylib in Frameworks */ = {isa = PBXBuildFile; fileRef = 1DA216401A1EAB03007F9CAD /* libc++.dylib */; };
		1DA216451A1EAB03007F9CAD /* libz.dylib in Frameworks */ = {isa = PBXBuildFile; fileRef = 1DA216411A1EAB03007F9CAD /* libz.dylib */; };
		1DA216461A1EAB03007F9CAD /* OpenGLES.framework in Frameworks */ = {isa = PBXBuildFile; fileRef = 1DA216421A1EAB03007F9CAD /* OpenGLES.framework */; };
		1DA216471A1EAB03007F9CAD /* SystemConfiguration.framework in Frameworks */ = {isa = PBXBuildFile; fileRef = 1DA216431A1EAB03007F9CAD /* SystemConfiguration.framework */; };
		1DA216491A1EAB14007F9CAD /* libicucore.dylib in Frameworks */ = {isa = PBXBuildFile; fileRef = 1DA216481A1EAB14007F9CAD /* libicucore.dylib */; };
		1DA2164B1A1EAB1C007F9CAD /* ImageIO.framework in Frameworks */ = {isa = PBXBuildFile; fileRef = 1DA2164A1A1EAB1C007F9CAD /* ImageIO.framework */; };
		1DA2164D1A1EAB25007F9CAD /* GLKit.framework in Frameworks */ = {isa = PBXBuildFile; fileRef = 1DA2164C1A1EAB25007F9CAD /* GLKit.framework */; };
		1DA2164F1A1EAB30007F9CAD /* CoreText.framework in Frameworks */ = {isa = PBXBuildFile; fileRef = 1DA2164E1A1EAB30007F9CAD /* CoreText.framework */; };
		1DA216511A1EAB44007F9CAD /* CoreLocation.framework in Frameworks */ = {isa = PBXBuildFile; fileRef = 1DA216501A1EAB44007F9CAD /* CoreLocation.framework */; };
		1DA216531A1EAB6A007F9CAD /* CoreData.framework in Frameworks */ = {isa = PBXBuildFile; fileRef = 1DA216521A1EAB6A007F9CAD /* CoreData.framework */; };
		1DA216551A1EAB77007F9CAD /* AVFoundation.framework in Frameworks */ = {isa = PBXBuildFile; fileRef = 1DA216541A1EAB77007F9CAD /* AVFoundation.framework */; };
		1DA216581A1EABFD007F9CAD /* GoogleMaps.framework in Frameworks */ = {isa = PBXBuildFile; fileRef = 1DA216571A1EABFD007F9CAD /* GoogleMaps.framework */; };
		1DA216611A1EB004007F9CAD /* MapViewController.swift in Sources */ = {isa = PBXBuildFile; fileRef = 1DA216601A1EB004007F9CAD /* MapViewController.swift */; };
		1DA216631A1EB687007F9CAD /* GoogleMaps.bundle in Resources */ = {isa = PBXBuildFile; fileRef = 1DA216621A1EB687007F9CAD /* GoogleMaps.bundle */; };
		3E82BD711AE7398100BB1AB1 /* AudioToolbox.framework in Frameworks */ = {isa = PBXBuildFile; fileRef = 3E82BD701AE7398100BB1AB1 /* AudioToolbox.framework */; };
		3E82BD731AE7398A00BB1AB1 /* CFNetwork.framework in Frameworks */ = {isa = PBXBuildFile; fileRef = 3E82BD721AE7398A00BB1AB1 /* CFNetwork.framework */; };
		3E82BD751AE7399400BB1AB1 /* CoreGraphics.framework in Frameworks */ = {isa = PBXBuildFile; fileRef = 3E82BD741AE7399400BB1AB1 /* CoreGraphics.framework */; };
		3E82BD771AE739A900BB1AB1 /* MobileCoreServices.framework in Frameworks */ = {isa = PBXBuildFile; fileRef = 3E82BD761AE739A900BB1AB1 /* MobileCoreServices.framework */; };
		3E82BD791AE739B600BB1AB1 /* Security.framework in Frameworks */ = {isa = PBXBuildFile; fileRef = 3E82BD781AE739B600BB1AB1 /* Security.framework */; };
		3E82BD7D1AE739E700BB1AB1 /* libsqlite3.dylib in Frameworks */ = {isa = PBXBuildFile; fileRef = 3E82BD7C1AE739E700BB1AB1 /* libsqlite3.dylib */; };
		3E82BD8E1AE73BAD00BB1AB1 /* StoreKit.framework in Frameworks */ = {isa = PBXBuildFile; fileRef = 3E82BD7A1AE739C200BB1AB1 /* StoreKit.framework */; };
		3E82BD8F1AE73BD300BB1AB1 /* Social.framework in Frameworks */ = {isa = PBXBuildFile; fileRef = 3E82BD801AE739FE00BB1AB1 /* Social.framework */; };
		3E82BD901AE73BD900BB1AB1 /* Accounts.framework in Frameworks */ = {isa = PBXBuildFile; fileRef = 3E82BD7E1AE739F500BB1AB1 /* Accounts.framework */; };
		3E82BD971AE73F1600BB1AB1 /* Bolts.framework in Frameworks */ = {isa = PBXBuildFile; fileRef = 3E82BD911AE73F1600BB1AB1 /* Bolts.framework */; };
		3E82BD981AE73F1600BB1AB1 /* Parse.framework in Frameworks */ = {isa = PBXBuildFile; fileRef = 3E82BD921AE73F1600BB1AB1 /* Parse.framework */; };
/* End PBXBuildFile section */

/* Begin PBXContainerItemProxy section */
		1D3324061A15960E00B97EB0 /* PBXContainerItemProxy */ = {
			isa = PBXContainerItemProxy;
			containerPortal = 1D3323E81A15960D00B97EB0 /* Project object */;
			proxyType = 1;
			remoteGlobalIDString = 1D3323EF1A15960D00B97EB0;
			remoteInfo = MyBU;
		};
/* End PBXContainerItemProxy section */

/* Begin PBXFileReference section */
		1D3323F01A15960D00B97EB0 /* MyBU.app */ = {isa = PBXFileReference; explicitFileType = wrapper.application; includeInIndex = 0; path = MyBU.app; sourceTree = BUILT_PRODUCTS_DIR; };
		1D3323F41A15960D00B97EB0 /* Info.plist */ = {isa = PBXFileReference; lastKnownFileType = text.plist.xml; path = Info.plist; sourceTree = "<group>"; };
		1D3323F51A15960D00B97EB0 /* AppDelegate.swift */ = {isa = PBXFileReference; lastKnownFileType = sourcecode.swift; path = AppDelegate.swift; sourceTree = "<group>"; };
		1D3323FA1A15960D00B97EB0 /* Base */ = {isa = PBXFileReference; lastKnownFileType = file.storyboard; name = Base; path = Base.lproj/Main.storyboard; sourceTree = "<group>"; };
		1D3323FC1A15960D00B97EB0 /* Images.xcassets */ = {isa = PBXFileReference; lastKnownFileType = folder.assetcatalog; path = Images.xcassets; sourceTree = "<group>"; };
		1D3323FF1A15960D00B97EB0 /* Base */ = {isa = PBXFileReference; lastKnownFileType = file.xib; name = Base; path = Base.lproj/LaunchScreen.xib; sourceTree = "<group>"; };
		1D3324051A15960E00B97EB0 /* MyBUTests.xctest */ = {isa = PBXFileReference; explicitFileType = wrapper.cfbundle; includeInIndex = 0; path = MyBUTests.xctest; sourceTree = BUILT_PRODUCTS_DIR; };
		1D33240A1A15960E00B97EB0 /* Info.plist */ = {isa = PBXFileReference; lastKnownFileType = text.plist.xml; path = Info.plist; sourceTree = "<group>"; };
		1D33240B1A15960E00B97EB0 /* MyBUTests.swift */ = {isa = PBXFileReference; lastKnownFileType = sourcecode.swift; path = MyBUTests.swift; sourceTree = "<group>"; };
		1DA2163E1A1EAA9F007F9CAD /* QuartzCore.framework */ = {isa = PBXFileReference; lastKnownFileType = wrapper.framework; name = QuartzCore.framework; path = System/Library/Frameworks/QuartzCore.framework; sourceTree = SDKROOT; };
		1DA216401A1EAB03007F9CAD /* libc++.dylib */ = {isa = PBXFileReference; lastKnownFileType = "compiled.mach-o.dylib"; name = "libc++.dylib"; path = "usr/lib/libc++.dylib"; sourceTree = SDKROOT; };
		1DA216411A1EAB03007F9CAD /* libz.dylib */ = {isa = PBXFileReference; lastKnownFileType = "compiled.mach-o.dylib"; name = libz.dylib; path = usr/lib/libz.dylib; sourceTree = SDKROOT; };
		1DA216421A1EAB03007F9CAD /* OpenGLES.framework */ = {isa = PBXFileReference; lastKnownFileType = wrapper.framework; name = OpenGLES.framework; path = System/Library/Frameworks/OpenGLES.framework; sourceTree = SDKROOT; };
		1DA216431A1EAB03007F9CAD /* SystemConfiguration.framework */ = {isa = PBXFileReference; lastKnownFileType = wrapper.framework; name = SystemConfiguration.framework; path = System/Library/Frameworks/SystemConfiguration.framework; sourceTree = SDKROOT; };
		1DA216481A1EAB14007F9CAD /* libicucore.dylib */ = {isa = PBXFileReference; lastKnownFileType = "compiled.mach-o.dylib"; name = libicucore.dylib; path = usr/lib/libicucore.dylib; sourceTree = SDKROOT; };
		1DA2164A1A1EAB1C007F9CAD /* ImageIO.framework */ = {isa = PBXFileReference; lastKnownFileType = wrapper.framework; name = ImageIO.framework; path = System/Library/Frameworks/ImageIO.framework; sourceTree = SDKROOT; };
		1DA2164C1A1EAB25007F9CAD /* GLKit.framework */ = {isa = PBXFileReference; lastKnownFileType = wrapper.framework; name = GLKit.framework; path = System/Library/Frameworks/GLKit.framework; sourceTree = SDKROOT; };
		1DA2164E1A1EAB30007F9CAD /* CoreText.framework */ = {isa = PBXFileReference; lastKnownFileType = wrapper.framework; name = CoreText.framework; path = System/Library/Frameworks/CoreText.framework; sourceTree = SDKROOT; };
		1DA216501A1EAB44007F9CAD /* CoreLocation.framework */ = {isa = PBXFileReference; lastKnownFileType = wrapper.framework; name = CoreLocation.framework; path = System/Library/Frameworks/CoreLocation.framework; sourceTree = SDKROOT; };
		1DA216521A1EAB6A007F9CAD /* CoreData.framework */ = {isa = PBXFileReference; lastKnownFileType = wrapper.framework; name = CoreData.framework; path = System/Library/Frameworks/CoreData.framework; sourceTree = SDKROOT; };
		1DA216541A1EAB77007F9CAD /* AVFoundation.framework */ = {isa = PBXFileReference; lastKnownFileType = wrapper.framework; name = AVFoundation.framework; path = System/Library/Frameworks/AVFoundation.framework; sourceTree = SDKROOT; };
		1DA216571A1EABFD007F9CAD /* GoogleMaps.framework */ = {isa = PBXFileReference; lastKnownFileType = wrapper.framework; path = GoogleMaps.framework; sourceTree = "<group>"; };
		1DA2165B1A1EAD49007F9CAD /* MyBU-Bridging-Header.h */ = {isa = PBXFileReference; lastKnownFileType = sourcecode.c.h; name = "MyBU-Bridging-Header.h"; path = "MyBU/MyBU-Bridging-Header.h"; sourceTree = "<group>"; };
		1DA216601A1EB004007F9CAD /* MapViewController.swift */ = {isa = PBXFileReference; fileEncoding = 4; lastKnownFileType = sourcecode.swift; name = MapViewController.swift; path = ../MapViewController.swift; sourceTree = "<group>"; };
		1DA216621A1EB687007F9CAD /* GoogleMaps.bundle */ = {isa = PBXFileReference; lastKnownFileType = "wrapper.plug-in"; name = GoogleMaps.bundle; path = GoogleMaps.framework/Versions/A/Resources/GoogleMaps.bundle; sourceTree = "<group>"; };
		3E82BD701AE7398100BB1AB1 /* AudioToolbox.framework */ = {isa = PBXFileReference; lastKnownFileType = wrapper.framework; name = AudioToolbox.framework; path = System/Library/Frameworks/AudioToolbox.framework; sourceTree = SDKROOT; };
		3E82BD721AE7398A00BB1AB1 /* CFNetwork.framework */ = {isa = PBXFileReference; lastKnownFileType = wrapper.framework; name = CFNetwork.framework; path = System/Library/Frameworks/CFNetwork.framework; sourceTree = SDKROOT; };
		3E82BD741AE7399400BB1AB1 /* CoreGraphics.framework */ = {isa = PBXFileReference; lastKnownFileType = wrapper.framework; name = CoreGraphics.framework; path = System/Library/Frameworks/CoreGraphics.framework; sourceTree = SDKROOT; };
		3E82BD761AE739A900BB1AB1 /* MobileCoreServices.framework */ = {isa = PBXFileReference; lastKnownFileType = wrapper.framework; name = MobileCoreServices.framework; path = System/Library/Frameworks/MobileCoreServices.framework; sourceTree = SDKROOT; };
		3E82BD781AE739B600BB1AB1 /* Security.framework */ = {isa = PBXFileReference; lastKnownFileType = wrapper.framework; name = Security.framework; path = System/Library/Frameworks/Security.framework; sourceTree = SDKROOT; };
		3E82BD7A1AE739C200BB1AB1 /* StoreKit.framework */ = {isa = PBXFileReference; lastKnownFileType = wrapper.framework; name = StoreKit.framework; path = System/Library/Frameworks/StoreKit.framework; sourceTree = SDKROOT; };
		3E82BD7C1AE739E700BB1AB1 /* libsqlite3.dylib */ = {isa = PBXFileReference; lastKnownFileType = "compiled.mach-o.dylib"; name = libsqlite3.dylib; path = usr/lib/libsqlite3.dylib; sourceTree = SDKROOT; };
		3E82BD7E1AE739F500BB1AB1 /* Accounts.framework */ = {isa = PBXFileReference; lastKnownFileType = wrapper.framework; name = Accounts.framework; path = System/Library/Frameworks/Accounts.framework; sourceTree = SDKROOT; };
		3E82BD801AE739FE00BB1AB1 /* Social.framework */ = {isa = PBXFileReference; lastKnownFileType = wrapper.framework; name = Social.framework; path = System/Library/Frameworks/Social.framework; sourceTree = SDKROOT; };
		3E82BD911AE73F1600BB1AB1 /* Bolts.framework */ = {isa = PBXFileReference; lastKnownFileType = wrapper.framework; name = Bolts.framework; path = parseFrameWork.framework/Bolts.framework; sourceTree = "<group>"; };
		3E82BD921AE73F1600BB1AB1 /* Parse.framework */ = {isa = PBXFileReference; lastKnownFileType = wrapper.framework; name = Parse.framework; path = parseFrameWork.framework/Parse.framework; sourceTree = "<group>"; };
/* End PBXFileReference section */

/* Begin PBXFrameworksBuildPhase section */
		1D3323ED1A15960D00B97EB0 /* Frameworks */ = {
			isa = PBXFrameworksBuildPhase;
			buildActionMask = 2147483647;
			files = (
				3E82BD901AE73BD900BB1AB1 /* Accounts.framework in Frameworks */,
				3E82BD8F1AE73BD300BB1AB1 /* Social.framework in Frameworks */,
				3E82BD8E1AE73BAD00BB1AB1 /* StoreKit.framework in Frameworks */,
				3E82BD7D1AE739E700BB1AB1 /* libsqlite3.dylib in Frameworks */,
				1DA216451A1EAB03007F9CAD /* libz.dylib in Frameworks */,
				1DA216471A1EAB03007F9CAD /* SystemConfiguration.framework in Frameworks */,
				3E82BD971AE73F1600BB1AB1 /* Bolts.framework in Frameworks */,
				3E82BD791AE739B600BB1AB1 /* Security.framework in Frameworks */,
				3E82BD771AE739A900BB1AB1 /* MobileCoreServices.framework in Frameworks */,
				3E82BD981AE73F1600BB1AB1 /* Parse.framework in Frameworks */,
				1DA216511A1EAB44007F9CAD /* CoreLocation.framework in Frameworks */,
				3E82BD751AE7399400BB1AB1 /* CoreGraphics.framework in Frameworks */,
				3E82BD731AE7398A00BB1AB1 /* CFNetwork.framework in Frameworks */,
				3E82BD711AE7398100BB1AB1 /* AudioToolbox.framework in Frameworks */,
				1DA216551A1EAB77007F9CAD /* AVFoundation.framework in Frameworks */,
				1DA216531A1EAB6A007F9CAD /* CoreData.framework in Frameworks */,
				1DA2164F1A1EAB30007F9CAD /* CoreText.framework in Frameworks */,
				1DA2164D1A1EAB25007F9CAD /* GLKit.framework in Frameworks */,
				1DA2164B1A1EAB1C007F9CAD /* ImageIO.framework in Frameworks */,
				1DA216491A1EAB14007F9CAD /* libicucore.dylib in Frameworks */,
				1DA216441A1EAB03007F9CAD /* libc++.dylib in Frameworks */,
				1DA216581A1EABFD007F9CAD /* GoogleMaps.framework in Frameworks */,
				1DA216461A1EAB03007F9CAD /* OpenGLES.framework in Frameworks */,
				1DA2163F1A1EAA9F007F9CAD /* QuartzCore.framework in Frameworks */,
			);
			runOnlyForDeploymentPostprocessing = 0;
		};
		1D3324021A15960E00B97EB0 /* Frameworks */ = {
			isa = PBXFrameworksBuildPhase;
			buildActionMask = 2147483647;
			files = (
			);
			runOnlyForDeploymentPostprocessing = 0;
		};
/* End PBXFrameworksBuildPhase section */

/* Begin PBXGroup section */
		1D3323E71A15960D00B97EB0 = {
			isa = PBXGroup;
			children = (
				1DA2165B1A1EAD49007F9CAD /* MyBU-Bridging-Header.h */,
				1D3323F21A15960D00B97EB0 /* MyBU */,
				1DA216561A1EABD2007F9CAD /* Frameworks */,
				1D3324081A15960E00B97EB0 /* MyBUTests */,
				1D3323F11A15960D00B97EB0 /* Products */,
			);
			sourceTree = "<group>";
		};
		1D3323F11A15960D00B97EB0 /* Products */ = {
			isa = PBXGroup;
			children = (
				1D3323F01A15960D00B97EB0 /* MyBU.app */,
				1D3324051A15960E00B97EB0 /* MyBUTests.xctest */,
			);
			name = Products;
			sourceTree = "<group>";
		};
		1D3323F21A15960D00B97EB0 /* MyBU */ = {
			isa = PBXGroup;
			children = (
				1D3323F51A15960D00B97EB0 /* AppDelegate.swift */,
				1DA216601A1EB004007F9CAD /* MapViewController.swift */,
				1D3323F91A15960D00B97EB0 /* Main.storyboard */,
				1D3323FC1A15960D00B97EB0 /* Images.xcassets */,
				1D3323FE1A15960D00B97EB0 /* LaunchScreen.xib */,
				1D3323F31A15960D00B97EB0 /* Supporting Files */,
			);
			path = MyBU;
			sourceTree = "<group>";
		};
		1D3323F31A15960D00B97EB0 /* Supporting Files */ = {
			isa = PBXGroup;
			children = (
				1D3323F41A15960D00B97EB0 /* Info.plist */,
			);
			name = "Supporting Files";
			sourceTree = "<group>";
		};
		1D3324081A15960E00B97EB0 /* MyBUTests */ = {
			isa = PBXGroup;
			children = (
				1D33240B1A15960E00B97EB0 /* MyBUTests.swift */,
				1D3324091A15960E00B97EB0 /* Supporting Files */,
			);
			path = MyBUTests;
			sourceTree = "<group>";
		};
		1D3324091A15960E00B97EB0 /* Supporting Files */ = {
			isa = PBXGroup;
			children = (
				1D33240A1A15960E00B97EB0 /* Info.plist */,
			);
			name = "Supporting Files";
			sourceTree = "<group>";
		};
		1DA216561A1EABD2007F9CAD /* Frameworks */ = {
			isa = PBXGroup;
			children = (
				3E82BD911AE73F1600BB1AB1 /* Bolts.framework */,
				3E82BD921AE73F1600BB1AB1 /* Parse.framework */,
				3E82BD801AE739FE00BB1AB1 /* Social.framework */,
				3E82BD7E1AE739F500BB1AB1 /* Accounts.framework */,
				3E82BD7C1AE739E700BB1AB1 /* libsqlite3.dylib */,
				3E82BD7A1AE739C200BB1AB1 /* StoreKit.framework */,
				3E82BD781AE739B600BB1AB1 /* Security.framework */,
				3E82BD761AE739A900BB1AB1 /* MobileCoreServices.framework */,
				3E82BD741AE7399400BB1AB1 /* CoreGraphics.framework */,
				3E82BD721AE7398A00BB1AB1 /* CFNetwork.framework */,
				3E82BD701AE7398100BB1AB1 /* AudioToolbox.framework */,
				1DA216621A1EB687007F9CAD /* GoogleMaps.bundle */,
				1DA216571A1EABFD007F9CAD /* GoogleMaps.framework */,
				1DA216541A1EAB77007F9CAD /* AVFoundation.framework */,
				1DA216521A1EAB6A007F9CAD /* CoreData.framework */,
				1DA216501A1EAB44007F9CAD /* CoreLocation.framework */,
				1DA2164E1A1EAB30007F9CAD /* CoreText.framework */,
				1DA2164C1A1EAB25007F9CAD /* GLKit.framework */,
				1DA2164A1A1EAB1C007F9CAD /* ImageIO.framework */,
				1DA216481A1EAB14007F9CAD /* libicucore.dylib */,
				1DA216401A1EAB03007F9CAD /* libc++.dylib */,
				1DA216411A1EAB03007F9CAD /* libz.dylib */,
				1DA216421A1EAB03007F9CAD /* OpenGLES.framework */,
				1DA216431A1EAB03007F9CAD /* SystemConfiguration.framework */,
				1DA2163E1A1EAA9F007F9CAD /* QuartzCore.framework */,
			);
			name = Frameworks;
			sourceTree = "<group>";
		};
/* End PBXGroup section */

/* Begin PBXNativeTarget section */
		1D3323EF1A15960D00B97EB0 /* MyBU */ = {
			isa = PBXNativeTarget;
			buildConfigurationList = 1D33240F1A15960E00B97EB0 /* Build configuration list for PBXNativeTarget "MyBU" */;
			buildPhases = (
				1D3323EC1A15960D00B97EB0 /* Sources */,
				1D3323ED1A15960D00B97EB0 /* Frameworks */,
				1D3323EE1A15960D00B97EB0 /* Resources */,
			);
			buildRules = (
			);
			dependencies = (
			);
			name = MyBU;
			productName = MyBU;
			productReference = 1D3323F01A15960D00B97EB0 /* MyBU.app */;
			productType = "com.apple.product-type.application";
		};
		1D3324041A15960E00B97EB0 /* MyBUTests */ = {
			isa = PBXNativeTarget;
			buildConfigurationList = 1D3324121A15960E00B97EB0 /* Build configuration list for PBXNativeTarget "MyBUTests" */;
			buildPhases = (
				1D3324011A15960E00B97EB0 /* Sources */,
				1D3324021A15960E00B97EB0 /* Frameworks */,
				1D3324031A15960E00B97EB0 /* Resources */,
			);
			buildRules = (
			);
			dependencies = (
				1D3324071A15960E00B97EB0 /* PBXTargetDependency */,
			);
			name = MyBUTests;
			productName = MyBUTests;
			productReference = 1D3324051A15960E00B97EB0 /* MyBUTests.xctest */;
			productType = "com.apple.product-type.bundle.unit-test";
		};
/* End PBXNativeTarget section */

/* Begin PBXProject section */
		1D3323E81A15960D00B97EB0 /* Project object */ = {
			isa = PBXProject;
			attributes = {
				LastUpgradeCheck = 0610;
				ORGANIZATIONNAME = "Global App Initiative";
				TargetAttributes = {
					1D3323EF1A15960D00B97EB0 = {
						CreatedOnToolsVersion = 6.1;
					};
					1D3324041A15960E00B97EB0 = {
						CreatedOnToolsVersion = 6.1;
						TestTargetID = 1D3323EF1A15960D00B97EB0;
					};
				};
			};
			buildConfigurationList = 1D3323EB1A15960D00B97EB0 /* Build configuration list for PBXProject "MyBU" */;
			compatibilityVersion = "Xcode 3.2";
			developmentRegion = English;
			hasScannedForEncodings = 0;
			knownRegions = (
				en,
				Base,
			);
			mainGroup = 1D3323E71A15960D00B97EB0;
			productRefGroup = 1D3323F11A15960D00B97EB0 /* Products */;
			projectDirPath = "";
			projectRoot = "";
			targets = (
				1D3323EF1A15960D00B97EB0 /* MyBU */,
				1D3324041A15960E00B97EB0 /* MyBUTests */,
			);
		};
/* End PBXProject section */

/* Begin PBXResourcesBuildPhase section */
		1D3323EE1A15960D00B97EB0 /* Resources */ = {
			isa = PBXResourcesBuildPhase;
			buildActionMask = 2147483647;
			files = (
				1D3323FB1A15960D00B97EB0 /* Main.storyboard in Resources */,
				1D3324001A15960D00B97EB0 /* LaunchScreen.xib in Resources */,
				1D3323FD1A15960D00B97EB0 /* Images.xcassets in Resources */,
				1DA216631A1EB687007F9CAD /* GoogleMaps.bundle in Resources */,
			);
			runOnlyForDeploymentPostprocessing = 0;
		};
		1D3324031A15960E00B97EB0 /* Resources */ = {
			isa = PBXResourcesBuildPhase;
			buildActionMask = 2147483647;
			files = (
			);
			runOnlyForDeploymentPostprocessing = 0;
		};
/* End PBXResourcesBuildPhase section */

/* Begin PBXSourcesBuildPhase section */
		1D3323EC1A15960D00B97EB0 /* Sources */ = {
			isa = PBXSourcesBuildPhase;
			buildActionMask = 2147483647;
			files = (
				1D3323F61A15960D00B97EB0 /* AppDelegate.swift in Sources */,
				1DA216611A1EB004007F9CAD /* MapViewController.swift in Sources */,
			);
			runOnlyForDeploymentPostprocessing = 0;
		};
		1D3324011A15960E00B97EB0 /* Sources */ = {
			isa = PBXSourcesBuildPhase;
			buildActionMask = 2147483647;
			files = (
				1D33240C1A15960E00B97EB0 /* MyBUTests.swift in Sources */,
			);
			runOnlyForDeploymentPostprocessing = 0;
		};
/* End PBXSourcesBuildPhase section */

/* Begin PBXTargetDependency section */
		1D3324071A15960E00B97EB0 /* PBXTargetDependency */ = {
			isa = PBXTargetDependency;
			target = 1D3323EF1A15960D00B97EB0 /* MyBU */;
			targetProxy = 1D3324061A15960E00B97EB0 /* PBXContainerItemProxy */;
		};
/* End PBXTargetDependency section */

/* Begin PBXVariantGroup section */
		1D3323F91A15960D00B97EB0 /* Main.storyboard */ = {
			isa = PBXVariantGroup;
			children = (
				1D3323FA1A15960D00B97EB0 /* Base */,
			);
			name = Main.storyboard;
			sourceTree = "<group>";
		};
		1D3323FE1A15960D00B97EB0 /* LaunchScreen.xib */ = {
			isa = PBXVariantGroup;
			children = (
				1D3323FF1A15960D00B97EB0 /* Base */,
			);
			name = LaunchScreen.xib;
			sourceTree = "<group>";
		};
/* End PBXVariantGroup section */

/* Begin XCBuildConfiguration section */
		1D33240D1A15960E00B97EB0 /* Debug */ = {
			isa = XCBuildConfiguration;
			buildSettings = {
				ALWAYS_SEARCH_USER_PATHS = NO;
				CLANG_CXX_LANGUAGE_STANDARD = "gnu++0x";
				CLANG_CXX_LIBRARY = "libc++";
				CLANG_ENABLE_MODULES = YES;
				CLANG_ENABLE_OBJC_ARC = YES;
				CLANG_WARN_BOOL_CONVERSION = YES;
				CLANG_WARN_CONSTANT_CONVERSION = YES;
				CLANG_WARN_DIRECT_OBJC_ISA_USAGE = YES_ERROR;
				CLANG_WARN_EMPTY_BODY = YES;
				CLANG_WARN_ENUM_CONVERSION = YES;
				CLANG_WARN_INT_CONVERSION = YES;
				CLANG_WARN_OBJC_ROOT_CLASS = YES_ERROR;
				CLANG_WARN_UNREACHABLE_CODE = YES;
				CLANG_WARN__DUPLICATE_METHOD_MATCH = YES;
				"CODE_SIGN_IDENTITY[sdk=iphoneos*]" = "iPhone Developer";
				COPY_PHASE_STRIP = NO;
				ENABLE_STRICT_OBJC_MSGSEND = YES;
				GCC_C_LANGUAGE_STANDARD = gnu99;
				GCC_DYNAMIC_NO_PIC = NO;
				GCC_OPTIMIZATION_LEVEL = 0;
				GCC_PREPROCESSOR_DEFINITIONS = (
					"DEBUG=1",
					"$(inherited)",
				);
				GCC_SYMBOLS_PRIVATE_EXTERN = NO;
				GCC_WARN_64_TO_32_BIT_CONVERSION = YES;
				GCC_WARN_ABOUT_RETURN_TYPE = YES_ERROR;
				GCC_WARN_UNDECLARED_SELECTOR = YES;
				GCC_WARN_UNINITIALIZED_AUTOS = YES_AGGRESSIVE;
				GCC_WARN_UNUSED_FUNCTION = YES;
				GCC_WARN_UNUSED_VARIABLE = YES;
				IPHONEOS_DEPLOYMENT_TARGET = 8.1;
				MTL_ENABLE_DEBUG_INFO = YES;
				ONLY_ACTIVE_ARCH = YES;
				SDKROOT = iphoneos;
				SWIFT_OPTIMIZATION_LEVEL = "-Onone";
			};
			name = Debug;
		};
		1D33240E1A15960E00B97EB0 /* Release */ = {
			isa = XCBuildConfiguration;
			buildSettings = {
				ALWAYS_SEARCH_USER_PATHS = NO;
				CLANG_CXX_LANGUAGE_STANDARD = "gnu++0x";
				CLANG_CXX_LIBRARY = "libc++";
				CLANG_ENABLE_MODULES = YES;
				CLANG_ENABLE_OBJC_ARC = YES;
				CLANG_WARN_BOOL_CONVERSION = YES;
				CLANG_WARN_CONSTANT_CONVERSION = YES;
				CLANG_WARN_DIRECT_OBJC_ISA_USAGE = YES_ERROR;
				CLANG_WARN_EMPTY_BODY = YES;
				CLANG_WARN_ENUM_CONVERSION = YES;
				CLANG_WARN_INT_CONVERSION = YES;
				CLANG_WARN_OBJC_ROOT_CLASS = YES_ERROR;
				CLANG_WARN_UNREACHABLE_CODE = YES;
				CLANG_WARN__DUPLICATE_METHOD_MATCH = YES;
				"CODE_SIGN_IDENTITY[sdk=iphoneos*]" = "iPhone Developer";
				COPY_PHASE_STRIP = YES;
				ENABLE_NS_ASSERTIONS = NO;
				ENABLE_STRICT_OBJC_MSGSEND = YES;
				GCC_C_LANGUAGE_STANDARD = gnu99;
				GCC_WARN_64_TO_32_BIT_CONVERSION = YES;
				GCC_WARN_ABOUT_RETURN_TYPE = YES_ERROR;
				GCC_WARN_UNDECLARED_SELECTOR = YES;
				GCC_WARN_UNINITIALIZED_AUTOS = YES_AGGRESSIVE;
				GCC_WARN_UNUSED_FUNCTION = YES;
				GCC_WARN_UNUSED_VARIABLE = YES;
				IPHONEOS_DEPLOYMENT_TARGET = 8.1;
				MTL_ENABLE_DEBUG_INFO = NO;
				SDKROOT = iphoneos;
				VALIDATE_PRODUCT = YES;
			};
			name = Release;
		};
		1D3324101A15960E00B97EB0 /* Debug */ = {
			isa = XCBuildConfiguration;
			buildSettings = {
				ASSETCATALOG_COMPILER_APPICON_NAME = AppIcon;
				CLANG_ALLOW_NON_MODULAR_INCLUDES_IN_FRAMEWORK_MODULES = NO;
				CLANG_ENABLE_MODULES = YES;
				FRAMEWORK_SEARCH_PATHS = (
					"$(inherited)",
					"$(PROJECT_DIR)",
					"$(PROJECT_DIR)/Parse.framework",
					"$(PROJECT_DIR)/parseFrameWork.framework",
				);
				INFOPLIST_FILE = MyBU/Info.plist;
				LD_RUNPATH_SEARCH_PATHS = "$(inherited) @executable_path/Frameworks";
				OTHER_LDFLAGS = "";
				"OTHER_LDFLAGS[arch=*]" = "-ObjC";
				PRODUCT_NAME = "$(TARGET_NAME)";
				SWIFT_OBJC_BRIDGING_HEADER = "MyBU/MyBU-Bridging-Header.h";
				SWIFT_OPTIMIZATION_LEVEL = "-Onone";
			};
			name = Debug;
		};
		1D3324111A15960E00B97EB0 /* Release */ = {
			isa = XCBuildConfiguration;
			buildSettings = {
				ASSETCATALOG_COMPILER_APPICON_NAME = AppIcon;
				CLANG_ALLOW_NON_MODULAR_INCLUDES_IN_FRAMEWORK_MODULES = NO;
				CLANG_ENABLE_MODULES = YES;
				FRAMEWORK_SEARCH_PATHS = (
					"$(inherited)",
					"$(PROJECT_DIR)",
					"$(PROJECT_DIR)/Parse.framework",
					"$(PROJECT_DIR)/parseFrameWork.framework",
				);
				INFOPLIST_FILE = MyBU/Info.plist;
				LD_RUNPATH_SEARCH_PATHS = "$(inherited) @executable_path/Frameworks";
				OTHER_LDFLAGS = "";
				"OTHER_LDFLAGS[arch=*]" = "-ObjC";
				PRODUCT_NAME = "$(TARGET_NAME)";
				SWIFT_OBJC_BRIDGING_HEADER = "MyBU/MyBU-Bridging-Header.h";
			};
			name = Release;
		};
		1D3324131A15960E00B97EB0 /* Debug */ = {
			isa = XCBuildConfiguration;
			buildSettings = {
				BUNDLE_LOADER = "$(TEST_HOST)";
				FRAMEWORK_SEARCH_PATHS = (
					"$(SDKROOT)/Developer/Library/Frameworks",
					"$(inherited)",
				);
				GCC_PREPROCESSOR_DEFINITIONS = (
					"DEBUG=1",
					"$(inherited)",
				);
				INFOPLIST_FILE = MyBUTests/Info.plist;
				LD_RUNPATH_SEARCH_PATHS = "$(inherited) @executable_path/Frameworks @loader_path/Frameworks";
				PRODUCT_NAME = "$(TARGET_NAME)";
				TEST_HOST = "$(BUILT_PRODUCTS_DIR)/MyBU.app/MyBU";
			};
			name = Debug;
		};
		1D3324141A15960E00B97EB0 /* Release */ = {
			isa = XCBuildConfiguration;
			buildSettings = {
				BUNDLE_LOADER = "$(TEST_HOST)";
				FRAMEWORK_SEARCH_PATHS = (
					"$(SDKROOT)/Developer/Library/Frameworks",
					"$(inherited)",
				);
				INFOPLIST_FILE = MyBUTests/Info.plist;
				LD_RUNPATH_SEARCH_PATHS = "$(inherited) @executable_path/Frameworks @loader_path/Frameworks";
				PRODUCT_NAME = "$(TARGET_NAME)";
				TEST_HOST = "$(BUILT_PRODUCTS_DIR)/MyBU.app/MyBU";
			};
			name = Release;
		};
/* End XCBuildConfiguration section */

/* Begin XCConfigurationList section */
		1D3323EB1A15960D00B97EB0 /* Build configuration list for PBXProject "MyBU" */ = {
			isa = XCConfigurationList;
			buildConfigurations = (
				1D33240D1A15960E00B97EB0 /* Debug */,
				1D33240E1A15960E00B97EB0 /* Release */,
			);
			defaultConfigurationIsVisible = 0;
			defaultConfigurationName = Release;
		};
		1D33240F1A15960E00B97EB0 /* Build configuration list for PBXNativeTarget "MyBU" */ = {
			isa = XCConfigurationList;
			buildConfigurations = (
				1D3324101A15960E00B97EB0 /* Debug */,
				1D3324111A15960E00B97EB0 /* Release */,
			);
			defaultConfigurationIsVisible = 0;
			defaultConfigurationName = Release;
		};
		1D3324121A15960E00B97EB0 /* Build configuration list for PBXNativeTarget "MyBUTests" */ = {
			isa = XCConfigurationList;
			buildConfigurations = (
				1D3324131A15960E00B97EB0 /* Debug */,
				1D3324141A15960E00B97EB0 /* Release */,
			);
			defaultConfigurationIsVisible = 0;
			defaultConfigurationName = Release;
		};
/* End XCConfigurationList section */
	};
	rootObject = 1D3323E81A15960D00B97EB0 /* Project object */;
}
